
Microsoft Visual Studio Solution File, Format Version 12.00
# Visual Studio Version 16
VisualStudioVersion = 16.0.29926.136
MinimumVisualStudioVersion = 10.0.40219.1
Project("{34036844-64E7-43A5-9151-4AD90E180989}") = "IotGatewayCore", "IotGatewayCore.iotedgeproj", "{24B9900D-395A-4040-8EC7-BEAF814DADF7}"
EndProject
Project("{9A19103F-16F7-4668-BE54-9A1E7A4F7556}") = "GatewayModule", "..\GatewayModule\GatewayModule.csproj", "{F09FD0F6-0D77-42B5-9DD4-246B84B7CB50}"
EndProject
Project("{9A19103F-16F7-4668-BE54-9A1E7A4F7556}") = "TplSockets", "..\SocketTpl\TplSockets.csproj", "{D3E0F488-6592-4182-8A2C-456A06385CE5}"
EndProject
Project("{9A19103F-16F7-4668-BE54-9A1E7A4F7556}") = "TplResult", "..\TplResult\TplResult.csproj", "{BAFE3BDD-B9E5-4EA8-B743-6EB55E4C1DE4}"
EndProject
Project("{9A19103F-16F7-4668-BE54-9A1E7A4F7556}") = "Hardware", "..\Hardware\Hardware.csproj", "{6574E0B9-D91C-4712-A730-B49A4CA8096A}"
EndProject
Global
	GlobalSection(SolutionConfigurationPlatforms) = preSolution
		Debug|Any CPU = Debug|Any CPU
		Release|Any CPU = Release|Any CPU
	EndGlobalSection
	GlobalSection(ProjectConfigurationPlatforms) = postSolution
		{24B9900D-395A-4040-8EC7-BEAF814DADF7}.Debug|Any CPU.ActiveCfg = Debug|Any CPU
		{24B9900D-395A-4040-8EC7-BEAF814DADF7}.Debug|Any CPU.Build.0 = Debug|Any CPU
		{24B9900D-395A-4040-8EC7-BEAF814DADF7}.Release|Any CPU.ActiveCfg = Release|Any CPU
		{24B9900D-395A-4040-8EC7-BEAF814DADF7}.Release|Any CPU.Build.0 = Release|Any CPU
		{F09FD0F6-0D77-42B5-9DD4-246B84B7CB50}.Debug|Any CPU.ActiveCfg = Debug|Any CPU
		{F09FD0F6-0D77-42B5-9DD4-246B84B7CB50}.Debug|Any CPU.Build.0 = Debug|Any CPU
		{F09FD0F6-0D77-42B5-9DD4-246B84B7CB50}.Release|Any CPU.ActiveCfg = Release|Any CPU
		{F09FD0F6-0D77-42B5-9DD4-246B84B7CB50}.Release|Any CPU.Build.0 = Release|Any CPU
		{D3E0F488-6592-4182-8A2C-456A06385CE5}.Debug|Any CPU.ActiveCfg = Debug|Any CPU
		{D3E0F488-6592-4182-8A2C-456A06385CE5}.Debug|Any CPU.Build.0 = Debug|Any CPU
		{D3E0F488-6592-4182-8A2C-456A06385CE5}.Release|Any CPU.ActiveCfg = Release|Any CPU
		{D3E0F488-6592-4182-8A2C-456A06385CE5}.Release|Any CPU.Build.0 = Release|Any CPU
		{BAFE3BDD-B9E5-4EA8-B743-6EB55E4C1DE4}.Debug|Any CPU.ActiveCfg = Debug|Any CPU
		{BAFE3BDD-B9E5-4EA8-B743-6EB55E4C1DE4}.Debug|Any CPU.Build.0 = Debug|Any CPU
		{BAFE3BDD-B9E5-4EA8-B743-6EB55E4C1DE4}.Release|Any CPU.ActiveCfg = Release|Any CPU
		{BAFE3BDD-B9E5-4EA8-B743-6EB55E4C1DE4}.Release|Any CPU.Build.0 = Release|Any CPU
		{6574E0B9-D91C-4712-A730-B49A4CA8096A}.Debug|Any CPU.ActiveCfg = Debug|Any CPU
		{6574E0B9-D91C-4712-A730-B49A4CA8096A}.Debug|Any CPU.Build.0 = Debug|Any CPU
		{6574E0B9-D91C-4712-A730-B49A4CA8096A}.Release|Any CPU.ActiveCfg = Release|Any CPU
		{6574E0B9-D91C-4712-A730-B49A4CA8096A}.Release|Any CPU.Build.0 = Release|Any CPU
	EndGlobalSection
	GlobalSection(SolutionProperties) = preSolution
		HideSolutionNode = FALSE
	EndGlobalSection
	GlobalSection(ExtensibilityGlobals) = postSolution
		SolutionGuid = {99AC9CCC-D40B-4A5D-AE82-612EB07F88E1}
	EndGlobalSection
EndGlobal
